
Microsoft Visual Studio Solution File, Format Version 12.00
# Visual Studio Version 16
VisualStudioVersion = 16.0.34407.143
MinimumVisualStudioVersion = 10.0.40219.1
Project("{FAE04EC0-301F-11D3-BF4B-00C04F79EFBC}") = "WebSitem", "WebSitem\WebSitem.csproj", "{39154669-C184-48FB-B6CA-16C525BB3DE6}"
EndProject
Global
	GlobalSection(SolutionConfigurationPlatforms) = preSolution
		Debug|Any CPU = Debug|Any CPU
		Release|Any CPU = Release|Any CPU
	EndGlobalSection
	GlobalSection(ProjectConfigurationPlatforms) = postSolution
		{39154669-C184-48FB-B6CA-16C525BB3DE6}.Debug|Any CPU.ActiveCfg = Debug|Any CPU
		{39154669-C184-48FB-B6CA-16C525BB3DE6}.Debug|Any CPU.Build.0 = Debug|Any CPU
		{39154669-C184-48FB-B6CA-16C525BB3DE6}.Release|Any CPU.ActiveCfg = Release|Any CPU
		{39154669-C184-48FB-B6CA-16C525BB3DE6}.Release|Any CPU.Build.0 = Release|Any CPU
	EndGlobalSection
	GlobalSection(SolutionProperties) = preSolution
		HideSolutionNode = FALSE
	EndGlobalSection
	GlobalSection(ExtensibilityGlobals) = postSolution
		SolutionGuid = {B07EF0AB-38E1-4D96-97BA-B508D6EA64F2}
	EndGlobalSection
EndGlobal
